Microsoft Visual Studio Solution File, Format Version 12.00
# Visual Studio Version 17
VisualStudioVersion = 17.5.2.0
MinimumVisualStudioVersion = 10.0.40219.1
Project("{FAE04EC0-301F-11D3-BF4B-00C04F79EFBC}") = "GMAO", "GMAO.csproj", "{387E56C6-2BC7-6CBC-3E82-5B6E65E3AEC9}"
EndProject
Global
	GlobalSection(SolutionConfigurationPlatforms) = preSolution
		Debug|Any CPU = Debug|Any CPU
		Release|Any CPU = Release|Any CPU
	EndGlobalSection
	GlobalSection(ProjectConfigurationPlatforms) = postSolution
		{387E56C6-2BC7-6CBC-3E82-5B6E65E3AEC9}.Debug|Any CPU.ActiveCfg = Debug|Any CPU
		{387E56C6-2BC7-6CBC-3E82-5B6E65E3AEC9}.Debug|Any CPU.Build.0 = Debug|Any CPU
		{387E56C6-2BC7-6CBC-3E82-5B6E65E3AEC9}.Release|Any CPU.ActiveCfg = Release|Any CPU
		{387E56C6-2BC7-6CBC-3E82-5B6E65E3AEC9}.Release|Any CPU.Build.0 = Release|Any CPU
	EndGlobalSection
	GlobalSection(SolutionProperties) = preSolution
		HideSolutionNode = FALSE
	EndGlobalSection
	GlobalSection(ExtensibilityGlobals) = postSolution
		SolutionGuid = {8EEF0E5B-C90B-408D-BA39-BDA7B4FF19EF}
	EndGlobalSection
EndGlobal
